lockfileVersion: '6.0'

settings:
  autoInstallPeers: true
  excludeLinksFromLockfile: false

dependencies:
  devalue:
    specifier: ^4.3.2
    version: 4.3.2

devDependencies:
  prettier:
    specifier: 3.2.4
    version: 3.2.4
  typescript:
    specifier: 5.2.2
    version: 5.2.2

packages:

  /devalue@4.3.2:
    resolution: {integrity: sha512-KqFl6pOgOW+Y6wJgu80rHpo2/3H07vr8ntR9rkkFIRETewbf5GaYYcakYfiKz89K+sLsuPkQIZaXDMjUObZwWg==}
    dev: false

  /prettier@3.2.4:
    resolution: {integrity: sha512-FWu1oLHKCrtpO1ypU6J0SbK2d9Ckwysq6bHj/uaCP26DxrPpppCLQRGVuqAxSTvhF00AcvDRyYrLNW7ocBhFFQ==}
    engines: {node: '>=14'}
    hasBin: true
    dev: true

  /typescript@5.2.2:
    resolution: {integrity: sha512-mI4WrpHsbCIcwT9cF4FZvr80QUeKvsUsUvKDoR+X/7XHQH98xYD8YHZg7ANtz2GtZt/CBq2QJ0thkGJMHfqc1w==}
    engines: {node: '>=14.17'}
    hasBin: true
    dev: true
